
Microsoft Visual Studio Solution File, Format Version 12.00
# Visual Studio Version 16
VisualStudioVersion = 16.0.31019.35
MinimumVisualStudioVersion = 10.0.40219.1
Project("{9A19103F-16F7-4668-BE54-9A1E7A4F7556}") = "CadClientes", "CadClientes\CadClientes.csproj", "{3E149181-F238-4368-B8AE-34C21AB1F7BA}"
EndProject
Global
	GlobalSection(SolutionConfigurationPlatforms) = preSolution
		Debug|Any CPU = Debug|Any CPU
		Release|Any CPU = Release|Any CPU
	EndGlobalSection
	GlobalSection(ProjectConfigurationPlatforms) = postSolution
		{3E149181-F238-4368-B8AE-34C21AB1F7BA}.Debug|Any CPU.ActiveCfg = Debug|Any CPU
		{3E149181-F238-4368-B8AE-34C21AB1F7BA}.Debug|Any CPU.Build.0 = Debug|Any CPU
		{3E149181-F238-4368-B8AE-34C21AB1F7BA}.Release|Any CPU.ActiveCfg = Release|Any CPU
		{3E149181-F238-4368-B8AE-34C21AB1F7BA}.Release|Any CPU.Build.0 = Release|Any CPU
	EndGlobalSection
	GlobalSection(SolutionProperties) = preSolution
		HideSolutionNode = FALSE
	EndGlobalSection
	GlobalSection(ExtensibilityGlobals) = postSolution
		SolutionGuid = {5DACAE0F-3082-404C-BCEC-E0F3FD8CBD64}
	EndGlobalSection
EndGlobal
